
Microsoft Visual Studio Solution File, Format Version 12.00
# Visual Studio 15
Project("{FAE04EC0-301F-11D3-BF4B-00C04F79EFBC}") = "Assembly-CSharp", "Assembly-CSharp.csproj", "{833EBBC9-AB40-D8D0-AF84-D689EDD012AA}"
EndProject
Project("{FAE04EC0-301F-11D3-BF4B-00C04F79EFBC}") = "Assembly-CSharp-Editor", "Assembly-CSharp-Editor.csproj", "{8A8B5B01-B47F-2F60-1D6C-037BF2C5A8B8}"
EndProject
Global
	GlobalSection(SolutionConfigurationPlatforms) = preSolution
		Debug|Any CPU = Debug|Any CPU
		Release|Any CPU = Release|Any CPU
	EndGlobalSection
	GlobalSection(ProjectConfigurationPlatforms) = postSolution
		{833EBBC9-AB40-D8D0-AF84-D689EDD012AA}.Debug|Any CPU.ActiveCfg = Debug|Any CPU
		{833EBBC9-AB40-D8D0-AF84-D689EDD012AA}.Debug|Any CPU.Build.0 = Debug|Any CPU
		{833EBBC9-AB40-D8D0-AF84-D689EDD012AA}.Release|Any CPU.ActiveCfg = Release|Any CPU
		{833EBBC9-AB40-D8D0-AF84-D689EDD012AA}.Release|Any CPU.Build.0 = Release|Any CPU
		{8A8B5B01-B47F-2F60-1D6C-037BF2C5A8B8}.Debug|Any CPU.ActiveCfg = Debug|Any CPU
		{8A8B5B01-B47F-2F60-1D6C-037BF2C5A8B8}.Debug|Any CPU.Build.0 = Debug|Any CPU
		{8A8B5B01-B47F-2F60-1D6C-037BF2C5A8B8}.Release|Any CPU.ActiveCfg = Release|Any CPU
		{8A8B5B01-B47F-2F60-1D6C-037BF2C5A8B8}.Release|Any CPU.Build.0 = Release|Any CPU
	EndGlobalSection
	GlobalSection(SolutionProperties) = preSolution
		HideSolutionNode = FALSE
	EndGlobalSection
EndGlobal
